<?xml version="1.0" encoding="utf-8"?>
<Project ToolsVersion="4.0" xmlns="http://schemas.microsoft.com/developer/msbuild/2003">
  <ItemGroup>
    <FxCompile Include="postprocess.fx">
      <Filter>ShaderCode</Filter>
    </FxCompile>
    <FxCompile Include="setcolor.fx">
      <Filter>ShaderCode</Filter>
    </FxCompile>
    <FxCompile Include="std2d.fx">
      <Filter>ShaderCode</Filter>
    </FxCompile>
    <FxCompile Include="struct.fx">
      <Filter>ShaderCode</Filter>
    </FxCompile>
    <FxCompile Include="tilemap.fx">
      <Filter>ShaderCode</Filter>
    </FxCompile>
    <FxCompile Include="value.fx">
      <Filter>ShaderCode</Filter>
    </FxCompile>
    <FxCompile Include="func.fx">
      <Filter>ShaderCode</Filter>
    </FxCompile>
    <FxCompile Include="debugshape.fx">
      <Filter>ShaderCode</Filter>
    </FxCompile>
    <FxCompile Include="particle_update.fx">
      <Filter>ShaderCode</Filter>
    </FxCompile>
    <FxCompile Include="particle_render.fx">
      <Filter>ShaderCode</Filter>
    </FxCompile>
    <FxCompile Include="std3d.fx">
      <Filter>ShaderCode</Filter>
    </FxCompile>
  </ItemGroup>
  <ItemGroup>
    <ClCompile Include="CConstBuffer.cpp" />
    <ClCompile Include="CEntity.cpp" />
    <ClCompile Include="CGameObject.cpp" />
    <ClCompile Include="CLayer.cpp" />
    <ClCompile Include="CLevel.cpp" />
    <ClCompile Include="CParticleUpdateShader.cpp" />
    <ClCompile Include="CSetColorShader.cpp" />
    <ClCompile Include="CStructuredBuffer.cpp" />
    <ClCompile Include="Engine.cpp" />
    <ClCompile Include="CAnim2D.cpp">
      <Filter>Component</Filter>
    </ClCompile>
    <ClCompile Include="CAnimator2D.cpp">
      <Filter>Component</Filter>
    </ClCompile>
    <ClCompile Include="CCamera.cpp">
      <Filter>Component</Filter>
    </ClCompile>
    <ClCompile Include="CCollider2D.cpp">
      <Filter>Component</Filter>
    </ClCompile>
    <ClCompile Include="CCollisionMgr.cpp">
      <Filter>Manager</Filter>
    </ClCompile>
    <ClCompile Include="CComponent.cpp">
      <Filter>Component</Filter>
    </ClCompile>
    <ClCompile Include="CComputeShader.cpp">
      <Filter>Resource</Filter>
    </ClCompile>
    <ClCompile Include="CDevice.cpp">
      <Filter>Manager</Filter>
    </ClCompile>
    <ClCompile Include="CEngine.cpp">
      <Filter>Manager</Filter>
    </ClCompile>
    <ClCompile Include="CEventMgr.cpp">
      <Filter>Manager</Filter>
    </ClCompile>
    <ClCompile Include="CFontMgr.cpp">
      <Filter>Manager</Filter>
    </ClCompile>
    <ClCompile Include="CKeyMgr.cpp">
      <Filter>Manager</Filter>
    </ClCompile>
    <ClCompile Include="CLevelMgr.cpp">
      <Filter>Manager</Filter>
    </ClCompile>
    <ClCompile Include="CGraphicsShader.cpp">
      <Filter>Resource</Filter>
    </ClCompile>
    <ClCompile Include="CMaterial.cpp">
      <Filter>Resource</Filter>
    </ClCompile>
    <ClCompile Include="CMesh.cpp">
      <Filter>Resource</Filter>
    </ClCompile>
    <ClCompile Include="CLight2D.cpp">
      <Filter>Component</Filter>
    </ClCompile>
    <ClCompile Include="CMeshRender.cpp">
      <Filter>Component</Filter>
    </ClCompile>
    <ClCompile Include="CPrefab.cpp">
      <Filter>Component</Filter>
    </ClCompile>
    <ClCompile Include="CTransform.cpp">
      <Filter>Component</Filter>
    </ClCompile>
    <ClCompile Include="CScript.cpp">
      <Filter>Component</Filter>
    </ClCompile>
    <ClCompile Include="CRenderComponent.cpp">
      <Filter>Component</Filter>
    </ClCompile>
    <ClCompile Include="CTimeMgr.cpp">
      <Filter>Manager</Filter>
    </ClCompile>
    <ClCompile Include="CRenderMgr.cpp">
      <Filter>Manager</Filter>
    </ClCompile>
    <ClCompile Include="CPathMgr.cpp">
      <Filter>Manager</Filter>
    </ClCompile>
    <ClCompile Include="func.cpp">
      <Filter>header</Filter>
    </ClCompile>
    <ClCompile Include="CTexture.cpp">
      <Filter>Resource</Filter>
    </ClCompile>
    <ClCompile Include="CSound.cpp">
      <Filter>Resource</Filter>
    </ClCompile>
    <ClCompile Include="CRes.cpp">
      <Filter>Resource</Filter>
    </ClCompile>
    <ClCompile Include="CTileMap.cpp">
      <Filter>Component</Filter>
    </ClCompile>
    <ClCompile Include="CParticleSystem.cpp">
      <Filter>Component</Filter>
    </ClCompile>
    <ClCompile Include="CShader.cpp">
      <Filter>Resource</Filter>
    </ClCompile>
    <ClCompile Include="pch.cpp">
      <Filter>header</Filter>
    </ClCompile>
    <ClCompile Include="extern.cpp">
      <Filter>header</Filter>
    </ClCompile>
    <ClCompile Include="CResMgr.cpp">
      <Filter>Manager</Filter>
    </ClCompile>
  </ItemGroup>
  <ItemGroup>
    <ClInclude Include="CConstBuffer.h" />
    <ClInclude Include="CEntity.h" />
    <ClInclude Include="CGameObject.h" />
    <ClInclude Include="CLayer.h" />
    <ClInclude Include="CLevel.h" />
    <ClInclude Include="CParticleUpdateShader.h" />
    <ClInclude Include="CSetColorShader.h" />
    <ClInclude Include="CStructuredBuffer.h" />
    <ClInclude Include="CAnim2D.h">
      <Filter>Component</Filter>
    </ClInclude>
    <ClInclude Include="CAnimator2D.h">
      <Filter>Component</Filter>
    </ClInclude>
    <ClInclude Include="CCamera.h">
      <Filter>Component</Filter>
    </ClInclude>
    <ClInclude Include="CCollider2D.h">
      <Filter>Component</Filter>
    </ClInclude>
    <ClInclude Include="CCollisionMgr.h">
      <Filter>Manager</Filter>
    </ClInclude>
    <ClInclude Include="CComponent.h">
      <Filter>Component</Filter>
    </ClInclude>
    <ClInclude Include="CComputeShader.h">
      <Filter>Resource</Filter>
    </ClInclude>
    <ClInclude Include="CDevice.h">
      <Filter>Manager</Filter>
    </ClInclude>
    <ClInclude Include="CEngine.h">
      <Filter>Manager</Filter>
    </ClInclude>
    <ClInclude Include="CEventMgr.h">
      <Filter>Manager</Filter>
    </ClInclude>
    <ClInclude Include="CFontMgr.h">
      <Filter>Manager</Filter>
    </ClInclude>
    <ClInclude Include="CKeyMgr.h">
      <Filter>Manager</Filter>
    </ClInclude>
    <ClInclude Include="CLevelMgr.h">
      <Filter>Manager</Filter>
    </ClInclude>
    <ClInclude Include="CGraphicsShader.h">
      <Filter>Resource</Filter>
    </ClInclude>
    <ClInclude Include="CMaterial.h">
      <Filter>Resource</Filter>
    </ClInclude>
    <ClInclude Include="CMesh.h">
      <Filter>Resource</Filter>
    </ClInclude>
    <ClInclude Include="CLight2D.h">
      <Filter>Component</Filter>
    </ClInclude>
    <ClInclude Include="CMeshRender.h">
      <Filter>Component</Filter>
    </ClInclude>
    <ClInclude Include="components.h">
      <Filter>header</Filter>
    </ClInclude>
    <ClInclude Include="CPrefab.h">
      <Filter>Component</Filter>
    </ClInclude>
    <ClInclude Include="CTransform.h">
      <Filter>Component</Filter>
    </ClInclude>
    <ClInclude Include="CScript.h">
      <Filter>Component</Filter>
    </ClInclude>
    <ClInclude Include="CRenderComponent.h">
      <Filter>Component</Filter>
    </ClInclude>
    <ClInclude Include="CTimeMgr.h">
      <Filter>Manager</Filter>
    </ClInclude>
    <ClInclude Include="CRenderMgr.h">
      <Filter>Manager</Filter>
    </ClInclude>
    <ClInclude Include="CPathMgr.h">
      <Filter>Manager</Filter>
    </ClInclude>
    <ClInclude Include="global.h">
      <Filter>header</Filter>
    </ClInclude>
    <ClInclude Include="define.h">
      <Filter>header</Filter>
    </ClInclude>
    <ClInclude Include="CSingleton.h">
      <Filter>header</Filter>
    </ClInclude>
    <ClInclude Include="CTexture.h">
      <Filter>Resource</Filter>
    </ClInclude>
    <ClInclude Include="CSound.h">
      <Filter>Resource</Filter>
    </ClInclude>
    <ClInclude Include="CRes.h">
      <Filter>Resource</Filter>
    </ClInclude>
    <ClInclude Include="CTileMap.h">
      <Filter>Component</Filter>
    </ClInclude>
    <ClInclude Include="CParticleSystem.h">
      <Filter>Component</Filter>
    </ClInclude>
    <ClInclude Include="CShader.h">
      <Filter>Resource</Filter>
    </ClInclude>
    <ClInclude Include="func.h">
      <Filter>header</Filter>
    </ClInclude>
    <ClInclude Include="struct.h">
      <Filter>header</Filter>
    </ClInclude>
    <ClInclude Include="SimpleMath.h">
      <Filter>header</Filter>
    </ClInclude>
    <ClInclude Include="ptr.h">
      <Filter>header</Filter>
    </ClInclude>
    <ClInclude Include="pch.h">
      <Filter>header</Filter>
    </ClInclude>
    <ClInclude Include="framework.h">
      <Filter>header</Filter>
    </ClInclude>
    <ClInclude Include="CResMgr.h">
      <Filter>Manager</Filter>
    </ClInclude>
  </ItemGroup>
  <ItemGroup>
    <Filter Include="Component">
      <UniqueIdentifier>{ad704555-61f7-45fb-9c5b-04603be05800}</UniqueIdentifier>
    </Filter>
    <Filter Include="Resource">
      <UniqueIdentifier>{4fbc524d-557e-41b9-9293-067af8c42ecd}</UniqueIdentifier>
    </Filter>
    <Filter Include="header">
      <UniqueIdentifier>{4549b324-204a-4360-8422-8ea0a013e6f3}</UniqueIdentifier>
    </Filter>
    <Filter Include="Manager">
      <UniqueIdentifier>{830b9d4d-530e-42eb-8f44-7a781a1cedd3}</UniqueIdentifier>
    </Filter>
    <Filter Include="ShaderCode">
      <UniqueIdentifier>{15b6b9d7-1520-41ab-ac99-8b1cfe0a51d4}</UniqueIdentifier>
    </Filter>
  </ItemGroup>
  <ItemGroup>
    <None Include="SimpleMath.inl">
      <Filter>header</Filter>
    </None>
  </ItemGroup>
</Project>